
Microsoft Visual Studio Solution File, Format Version 12.00
# Visual Studio Version 17
VisualStudioVersion = 17.1.32328.378
MinimumVisualStudioVersion = 10.0.40219.1
Project("{2150E333-8FDC-42A3-9474-1A3956D46DE8}") = "Web", "Web", "{4B29AAF6-656C-4569-A0E9-A8818F5AD846}"
EndProject
Project("{2150E333-8FDC-42A3-9474-1A3956D46DE8}") = "Startup", "Startup", "{ACE6144F-C11E-4731-B145-5E0EE6B5ABCF}"
EndProject
Project("{9A19103F-16F7-4668-BE54-9A1E7A4F7556}") = "ShopingRequestSystem.Startup", "Startup\ShopingRequestSystem.Startup.csproj", "{4D0B8D8A-A11C-4A15-B568-86CD7B52D023}"
EndProject
Project("{9A19103F-16F7-4668-BE54-9A1E7A4F7556}") = "ShopingRequestSystem.Web", "Web\ShopingRequestSystem.Web.csproj", "{1D98823B-B4BC-4079-ABA9-80DF5AB4F7F3}"
EndProject
Project("{2150E333-8FDC-42A3-9474-1A3956D46DE8}") = "Domain", "Domain", "{C435AA6A-CA31-4789-90AE-87EA36FF0F16}"
EndProject
Project("{2150E333-8FDC-42A3-9474-1A3956D46DE8}") = "Application", "Application", "{AEF682F5-F8EE-416C-AA50-B0AA909B63FD}"
EndProject
Project("{9A19103F-16F7-4668-BE54-9A1E7A4F7556}") = "ShopingRequestSystem.Application", "Application\ShopingRequestSystem.Application\ShopingRequestSystem.Application.csproj", "{2E411FDE-7712-4E0C-A651-D48D87E8C82F}"
EndProject
Project("{2150E333-8FDC-42A3-9474-1A3956D46DE8}") = "Infrastructure", "Infrastructure", "{CE1D7109-C322-4B4F-930E-22D08195ADCC}"
EndProject
Project("{9A19103F-16F7-4668-BE54-9A1E7A4F7556}") = "ShopingRequestSystem.Infrastructure", "Infrastructure\ShopingRequestSystem.Infrastructure.csproj", "{C07CE545-59A7-467A-9635-26765B5D9296}"
EndProject
Project("{9A19103F-16F7-4668-BE54-9A1E7A4F7556}") = "ShopingRequestSystem.Queries", "Application\ShopingRequestSystem.Queries\ShopingRequestSystem.Queries.csproj", "{37A93DE7-3AF6-4A2A-8A42-14206EC3BDA7}"
EndProject
Project("{2150E333-8FDC-42A3-9474-1A3956D46DE8}") = "Solution Items", "Solution Items", "{41A93C4A-6D76-4D5F-8322-465D1462980A}"
	ProjectSection(SolutionItems) = preProject
		docker-compose.yml = docker-compose.yml
	EndProjectSection
EndProject
Project("{9A19103F-16F7-4668-BE54-9A1E7A4F7556}") = "ShopingRequestSystem.Common", "Application\ShopingRequestSystem.Common\ShopingRequestSystem.Common.csproj", "{3FD627D5-6216-41F2-AB7C-CFC18E454B78}"
EndProject
Project("{9A19103F-16F7-4668-BE54-9A1E7A4F7556}") = "ShopingRequestSystem.Domain.Requests", "Domain\ShopingRequestSystem.Domain.Requests\ShopingRequestSystem.Domain.Requests.csproj", "{F470EABF-9215-463E-9FF9-7DA2313F1A10}"
EndProject
Project("{9A19103F-16F7-4668-BE54-9A1E7A4F7556}") = "ShopingRequestSystem.Domain.Common", "Domain\ShopingRequestSystem.Domain.Common\ShopingRequestSystem.Domain.Common.csproj", "{A34AF6E1-2551-4643-ACA0-6F69AB2EFBCE}"
EndProject
Project("{9A19103F-16F7-4668-BE54-9A1E7A4F7556}") = "ShopingRequestSystem.Domain.PublishedRequests", "Domain\ShopingRequestSystem.Domain.PublishedRequests\ShopingRequestSystem.Domain.PublishedRequests.csproj", "{5BD21A6B-EA84-467E-A0BB-72F24DD12FF5}"
EndProject
Project("{FAE04EC0-301F-11D3-BF4B-00C04F79EFBC}") = "ShopingRequestSystem.Domain.RequestExecutions", "Domain\ShopingRequestSystem.Domain.RequestExecutions\ShopingRequestSystem.Domain.RequestExecutions.csproj", "{1EB7101D-3670-4464-9F9D-A76A886545D4}"
EndProject
Project("{FAE04EC0-301F-11D3-BF4B-00C04F79EFBC}") = "ShopingRequestSystem.Domain.Identity", "Domain\ShopingRequestSystem.Domain.Identity\ShopingRequestSystem.Domain.Identity.csproj", "{2D5CD7EE-771C-4137-8C76-10A1B084EB94}"
EndProject
Global
	GlobalSection(SolutionConfigurationPlatforms) = preSolution
		Debug|Any CPU = Debug|Any CPU
		Release|Any CPU = Release|Any CPU
	EndGlobalSection
	GlobalSection(ProjectConfigurationPlatforms) = postSolution
		{4D0B8D8A-A11C-4A15-B568-86CD7B52D023}.Debug|Any CPU.ActiveCfg = Debug|Any CPU
		{4D0B8D8A-A11C-4A15-B568-86CD7B52D023}.Debug|Any CPU.Build.0 = Debug|Any CPU
		{4D0B8D8A-A11C-4A15-B568-86CD7B52D023}.Release|Any CPU.ActiveCfg = Release|Any CPU
		{4D0B8D8A-A11C-4A15-B568-86CD7B52D023}.Release|Any CPU.Build.0 = Release|Any CPU
		{1D98823B-B4BC-4079-ABA9-80DF5AB4F7F3}.Debug|Any CPU.ActiveCfg = Debug|Any CPU
		{1D98823B-B4BC-4079-ABA9-80DF5AB4F7F3}.Debug|Any CPU.Build.0 = Debug|Any CPU
		{1D98823B-B4BC-4079-ABA9-80DF5AB4F7F3}.Release|Any CPU.ActiveCfg = Release|Any CPU
		{1D98823B-B4BC-4079-ABA9-80DF5AB4F7F3}.Release|Any CPU.Build.0 = Release|Any CPU
		{2E411FDE-7712-4E0C-A651-D48D87E8C82F}.Debug|Any CPU.ActiveCfg = Debug|Any CPU
		{2E411FDE-7712-4E0C-A651-D48D87E8C82F}.Debug|Any CPU.Build.0 = Debug|Any CPU
		{2E411FDE-7712-4E0C-A651-D48D87E8C82F}.Release|Any CPU.ActiveCfg = Release|Any CPU
		{2E411FDE-7712-4E0C-A651-D48D87E8C82F}.Release|Any CPU.Build.0 = Release|Any CPU
		{C07CE545-59A7-467A-9635-26765B5D9296}.Debug|Any CPU.ActiveCfg = Debug|Any CPU
		{C07CE545-59A7-467A-9635-26765B5D9296}.Debug|Any CPU.Build.0 = Debug|Any CPU
		{C07CE545-59A7-467A-9635-26765B5D9296}.Release|Any CPU.ActiveCfg = Release|Any CPU
		{C07CE545-59A7-467A-9635-26765B5D9296}.Release|Any CPU.Build.0 = Release|Any CPU
		{37A93DE7-3AF6-4A2A-8A42-14206EC3BDA7}.Debug|Any CPU.ActiveCfg = Debug|Any CPU
		{37A93DE7-3AF6-4A2A-8A42-14206EC3BDA7}.Debug|Any CPU.Build.0 = Debug|Any CPU
		{37A93DE7-3AF6-4A2A-8A42-14206EC3BDA7}.Release|Any CPU.ActiveCfg = Release|Any CPU
		{37A93DE7-3AF6-4A2A-8A42-14206EC3BDA7}.Release|Any CPU.Build.0 = Release|Any CPU
		{3FD627D5-6216-41F2-AB7C-CFC18E454B78}.Debug|Any CPU.ActiveCfg = Debug|Any CPU
		{3FD627D5-6216-41F2-AB7C-CFC18E454B78}.Debug|Any CPU.Build.0 = Debug|Any CPU
		{3FD627D5-6216-41F2-AB7C-CFC18E454B78}.Release|Any CPU.ActiveCfg = Release|Any CPU
		{3FD627D5-6216-41F2-AB7C-CFC18E454B78}.Release|Any CPU.Build.0 = Release|Any CPU
		{F470EABF-9215-463E-9FF9-7DA2313F1A10}.Debug|Any CPU.ActiveCfg = Debug|Any CPU
		{F470EABF-9215-463E-9FF9-7DA2313F1A10}.Debug|Any CPU.Build.0 = Debug|Any CPU
		{F470EABF-9215-463E-9FF9-7DA2313F1A10}.Release|Any CPU.ActiveCfg = Release|Any CPU
		{F470EABF-9215-463E-9FF9-7DA2313F1A10}.Release|Any CPU.Build.0 = Release|Any CPU
		{A34AF6E1-2551-4643-ACA0-6F69AB2EFBCE}.Debug|Any CPU.ActiveCfg = Debug|Any CPU
		{A34AF6E1-2551-4643-ACA0-6F69AB2EFBCE}.Debug|Any CPU.Build.0 = Debug|Any CPU
		{A34AF6E1-2551-4643-ACA0-6F69AB2EFBCE}.Release|Any CPU.ActiveCfg = Release|Any CPU
		{A34AF6E1-2551-4643-ACA0-6F69AB2EFBCE}.Release|Any CPU.Build.0 = Release|Any CPU
		{5BD21A6B-EA84-467E-A0BB-72F24DD12FF5}.Debug|Any CPU.ActiveCfg = Debug|Any CPU
		{5BD21A6B-EA84-467E-A0BB-72F24DD12FF5}.Debug|Any CPU.Build.0 = Debug|Any CPU
		{5BD21A6B-EA84-467E-A0BB-72F24DD12FF5}.Release|Any CPU.ActiveCfg = Release|Any CPU
		{5BD21A6B-EA84-467E-A0BB-72F24DD12FF5}.Release|Any CPU.Build.0 = Release|Any CPU
		{1EB7101D-3670-4464-9F9D-A76A886545D4}.Debug|Any CPU.ActiveCfg = Debug|Any CPU
		{1EB7101D-3670-4464-9F9D-A76A886545D4}.Debug|Any CPU.Build.0 = Debug|Any CPU
		{1EB7101D-3670-4464-9F9D-A76A886545D4}.Release|Any CPU.ActiveCfg = Release|Any CPU
		{1EB7101D-3670-4464-9F9D-A76A886545D4}.Release|Any CPU.Build.0 = Release|Any CPU
		{2D5CD7EE-771C-4137-8C76-10A1B084EB94}.Debug|Any CPU.ActiveCfg = Debug|Any CPU
		{2D5CD7EE-771C-4137-8C76-10A1B084EB94}.Debug|Any CPU.Build.0 = Debug|Any CPU
		{2D5CD7EE-771C-4137-8C76-10A1B084EB94}.Release|Any CPU.ActiveCfg = Release|Any CPU
		{2D5CD7EE-771C-4137-8C76-10A1B084EB94}.Release|Any CPU.Build.0 = Release|Any CPU
	EndGlobalSection
	GlobalSection(SolutionProperties) = preSolution
		HideSolutionNode = FALSE
	EndGlobalSection
	GlobalSection(NestedProjects) = preSolution
		{4D0B8D8A-A11C-4A15-B568-86CD7B52D023} = {ACE6144F-C11E-4731-B145-5E0EE6B5ABCF}
		{1D98823B-B4BC-4079-ABA9-80DF5AB4F7F3} = {4B29AAF6-656C-4569-A0E9-A8818F5AD846}
		{2E411FDE-7712-4E0C-A651-D48D87E8C82F} = {AEF682F5-F8EE-416C-AA50-B0AA909B63FD}
		{C07CE545-59A7-467A-9635-26765B5D9296} = {CE1D7109-C322-4B4F-930E-22D08195ADCC}
		{37A93DE7-3AF6-4A2A-8A42-14206EC3BDA7} = {AEF682F5-F8EE-416C-AA50-B0AA909B63FD}
		{3FD627D5-6216-41F2-AB7C-CFC18E454B78} = {AEF682F5-F8EE-416C-AA50-B0AA909B63FD}
		{F470EABF-9215-463E-9FF9-7DA2313F1A10} = {C435AA6A-CA31-4789-90AE-87EA36FF0F16}
		{A34AF6E1-2551-4643-ACA0-6F69AB2EFBCE} = {C435AA6A-CA31-4789-90AE-87EA36FF0F16}
		{5BD21A6B-EA84-467E-A0BB-72F24DD12FF5} = {C435AA6A-CA31-4789-90AE-87EA36FF0F16}
		{1EB7101D-3670-4464-9F9D-A76A886545D4} = {C435AA6A-CA31-4789-90AE-87EA36FF0F16}
		{2D5CD7EE-771C-4137-8C76-10A1B084EB94} = {C435AA6A-CA31-4789-90AE-87EA36FF0F16}
	EndGlobalSection
	GlobalSection(ExtensibilityGlobals) = postSolution
		SolutionGuid = {9A3F038F-F327-4BDA-BDDA-E7B496313BAB}
	EndGlobalSection
EndGlobal
